
Microsoft Visual Studio Solution File, Format Version 12.00
# Visual Studio 14
VisualStudioVersion = 14.0.25123.0
MinimumVisualStudioVersion = 10.0.40219.1
Project("{FAE04EC0-301F-11D3-BF4B-00C04F79EFBC}") = "Emotion.Apps", "Emotion.Apps\Emotion.Apps.csproj", "{087730A6-172A-43B5-AA7B-02D90A593D45}"
EndProject
Project("{FAE04EC0-301F-11D3-BF4B-00C04F79EFBC}") = "Emotion.Helper", "Emotion.Helper\Emotion.Helper.csproj", "{AEFA39D5-7DD9-4C9D-81C5-9CA1FF78BA26}"
EndProject
Project("{FAE04EC0-301F-11D3-BF4B-00C04F79EFBC}") = "Emotion.Machine", "Emotion.Machine\Emotion.Machine.csproj", "{0D3A09E5-14A7-4593-9130-583F2103B732}"
EndProject
Project("{FAE04EC0-301F-11D3-BF4B-00C04F79EFBC}") = "Calculator", "Calculator\Calculator.csproj", "{A6548C5D-9D53-452B-9BDD-BC3435DC0997}"
EndProject
Global
	GlobalSection(SolutionConfigurationPlatforms) = preSolution
		Debug|Any CPU = Debug|Any CPU
		Debug|x64 = Debug|x64
		Release|Any CPU = Release|Any CPU
		Release|x64 = Release|x64
	EndGlobalSection
	GlobalSection(ProjectConfigurationPlatforms) = postSolution
		{087730A6-172A-43B5-AA7B-02D90A593D45}.Debug|Any CPU.ActiveCfg = Debug|Any CPU
		{087730A6-172A-43B5-AA7B-02D90A593D45}.Debug|Any CPU.Build.0 = Debug|Any CPU
		{087730A6-172A-43B5-AA7B-02D90A593D45}.Debug|x64.ActiveCfg = Debug|x64
		{087730A6-172A-43B5-AA7B-02D90A593D45}.Debug|x64.Build.0 = Debug|x64
		{087730A6-172A-43B5-AA7B-02D90A593D45}.Release|Any CPU.ActiveCfg = Release|Any CPU
		{087730A6-172A-43B5-AA7B-02D90A593D45}.Release|Any CPU.Build.0 = Release|Any CPU
		{087730A6-172A-43B5-AA7B-02D90A593D45}.Release|x64.ActiveCfg = Release|Any CPU
		{087730A6-172A-43B5-AA7B-02D90A593D45}.Release|x64.Build.0 = Release|Any CPU
		{AEFA39D5-7DD9-4C9D-81C5-9CA1FF78BA26}.Debug|Any CPU.ActiveCfg = Debug|Any CPU
		{AEFA39D5-7DD9-4C9D-81C5-9CA1FF78BA26}.Debug|Any CPU.Build.0 = Debug|Any CPU
		{AEFA39D5-7DD9-4C9D-81C5-9CA1FF78BA26}.Debug|x64.ActiveCfg = Debug|x64
		{AEFA39D5-7DD9-4C9D-81C5-9CA1FF78BA26}.Debug|x64.Build.0 = Debug|x64
		{AEFA39D5-7DD9-4C9D-81C5-9CA1FF78BA26}.Release|Any CPU.ActiveCfg = Release|Any CPU
		{AEFA39D5-7DD9-4C9D-81C5-9CA1FF78BA26}.Release|Any CPU.Build.0 = Release|Any CPU
		{AEFA39D5-7DD9-4C9D-81C5-9CA1FF78BA26}.Release|x64.ActiveCfg = Release|Any CPU
		{AEFA39D5-7DD9-4C9D-81C5-9CA1FF78BA26}.Release|x64.Build.0 = Release|Any CPU
		{0D3A09E5-14A7-4593-9130-583F2103B732}.Debug|Any CPU.ActiveCfg = Debug|Any CPU
		{0D3A09E5-14A7-4593-9130-583F2103B732}.Debug|Any CPU.Build.0 = Debug|Any CPU
		{0D3A09E5-14A7-4593-9130-583F2103B732}.Debug|x64.ActiveCfg = Debug|x64
		{0D3A09E5-14A7-4593-9130-583F2103B732}.Debug|x64.Build.0 = Debug|x64
		{0D3A09E5-14A7-4593-9130-583F2103B732}.Release|Any CPU.ActiveCfg = Release|Any CPU
		{0D3A09E5-14A7-4593-9130-583F2103B732}.Release|Any CPU.Build.0 = Release|Any CPU
		{0D3A09E5-14A7-4593-9130-583F2103B732}.Release|x64.ActiveCfg = Release|Any CPU
		{0D3A09E5-14A7-4593-9130-583F2103B732}.Release|x64.Build.0 = Release|Any CPU
		{A6548C5D-9D53-452B-9BDD-BC3435DC0997}.Debug|Any CPU.ActiveCfg = Debug|Any CPU
		{A6548C5D-9D53-452B-9BDD-BC3435DC0997}.Debug|Any CPU.Build.0 = Debug|Any CPU
		{A6548C5D-9D53-452B-9BDD-BC3435DC0997}.Debug|x64.ActiveCfg = Debug|Any CPU
		{A6548C5D-9D53-452B-9BDD-BC3435DC0997}.Debug|x64.Build.0 = Debug|Any CPU
		{A6548C5D-9D53-452B-9BDD-BC3435DC0997}.Release|Any CPU.ActiveCfg = Release|Any CPU
		{A6548C5D-9D53-452B-9BDD-BC3435DC0997}.Release|Any CPU.Build.0 = Release|Any CPU
		{A6548C5D-9D53-452B-9BDD-BC3435DC0997}.Release|x64.ActiveCfg = Release|Any CPU
		{A6548C5D-9D53-452B-9BDD-BC3435DC0997}.Release|x64.Build.0 = Release|Any CPU
	EndGlobalSection
	GlobalSection(SolutionProperties) = preSolution
		HideSolutionNode = FALSE
	EndGlobalSection
EndGlobal
